
Microsoft Visual Studio Solution File, Format Version 12.00
# Visual Studio 15
VisualStudioVersion = 15.0.26124.0
MinimumVisualStudioVersion = 15.0.26124.0
Project("{2150E333-8FDC-42A3-9474-1A3956D46DE8}") = "src", "src", "{AB8877AF-A140-4EB1-8DD6-6CF3CAB55D03}"
EndProject
Project("{F2A71F9B-5D33-465A-A702-920D77279786}") = "Library", "src\Library\Library.fsproj", "{A678D78E-23C9-4A6C-A3F4-7745A7FE734C}"
EndProject
Project("{F2A71F9B-5D33-465A-A702-920D77279786}") = "App", "src\App\App.fsproj", "{5C50CCFA-F986-4800-BACB-7A39FBC25135}"
EndProject
Global
	GlobalSection(SolutionConfigurationPlatforms) = preSolution
		Debug|Any CPU = Debug|Any CPU
		Debug|x64 = Debug|x64
		Debug|x86 = Debug|x86
		Release|Any CPU = Release|Any CPU
		Release|x64 = Release|x64
		Release|x86 = Release|x86
	EndGlobalSection
	GlobalSection(SolutionProperties) = preSolution
		HideSolutionNode = FALSE
	EndGlobalSection
	GlobalSection(ProjectConfigurationPlatforms) = postSolution
		{A678D78E-23C9-4A6C-A3F4-7745A7FE734C}.Debug|Any CPU.ActiveCfg = Debug|Any CPU
		{A678D78E-23C9-4A6C-A3F4-7745A7FE734C}.Debug|Any CPU.Build.0 = Debug|Any CPU
		{A678D78E-23C9-4A6C-A3F4-7745A7FE734C}.Debug|x64.ActiveCfg = Debug|Any CPU
		{A678D78E-23C9-4A6C-A3F4-7745A7FE734C}.Debug|x64.Build.0 = Debug|Any CPU
		{A678D78E-23C9-4A6C-A3F4-7745A7FE734C}.Debug|x86.ActiveCfg = Debug|Any CPU
		{A678D78E-23C9-4A6C-A3F4-7745A7FE734C}.Debug|x86.Build.0 = Debug|Any CPU
		{A678D78E-23C9-4A6C-A3F4-7745A7FE734C}.Release|Any CPU.ActiveCfg = Release|Any CPU
		{A678D78E-23C9-4A6C-A3F4-7745A7FE734C}.Release|Any CPU.Build.0 = Release|Any CPU
		{A678D78E-23C9-4A6C-A3F4-7745A7FE734C}.Release|x64.ActiveCfg = Release|Any CPU
		{A678D78E-23C9-4A6C-A3F4-7745A7FE734C}.Release|x64.Build.0 = Release|Any CPU
		{A678D78E-23C9-4A6C-A3F4-7745A7FE734C}.Release|x86.ActiveCfg = Release|Any CPU
		{A678D78E-23C9-4A6C-A3F4-7745A7FE734C}.Release|x86.Build.0 = Release|Any CPU
		{5C50CCFA-F986-4800-BACB-7A39FBC25135}.Debug|Any CPU.ActiveCfg = Debug|Any CPU
		{5C50CCFA-F986-4800-BACB-7A39FBC25135}.Debug|Any CPU.Build.0 = Debug|Any CPU
		{5C50CCFA-F986-4800-BACB-7A39FBC25135}.Debug|x64.ActiveCfg = Debug|Any CPU
		{5C50CCFA-F986-4800-BACB-7A39FBC25135}.Debug|x64.Build.0 = Debug|Any CPU
		{5C50CCFA-F986-4800-BACB-7A39FBC25135}.Debug|x86.ActiveCfg = Debug|Any CPU
		{5C50CCFA-F986-4800-BACB-7A39FBC25135}.Debug|x86.Build.0 = Debug|Any CPU
		{5C50CCFA-F986-4800-BACB-7A39FBC25135}.Release|Any CPU.ActiveCfg = Release|Any CPU
		{5C50CCFA-F986-4800-BACB-7A39FBC25135}.Release|Any CPU.Build.0 = Release|Any CPU
		{5C50CCFA-F986-4800-BACB-7A39FBC25135}.Release|x64.ActiveCfg = Release|Any CPU
		{5C50CCFA-F986-4800-BACB-7A39FBC25135}.Release|x64.Build.0 = Release|Any CPU
		{5C50CCFA-F986-4800-BACB-7A39FBC25135}.Release|x86.ActiveCfg = Release|Any CPU
		{5C50CCFA-F986-4800-BACB-7A39FBC25135}.Release|x86.Build.0 = Release|Any CPU
	EndGlobalSection
	GlobalSection(NestedProjects) = preSolution
		{A678D78E-23C9-4A6C-A3F4-7745A7FE734C} = {AB8877AF-A140-4EB1-8DD6-6CF3CAB55D03}
		{5C50CCFA-F986-4800-BACB-7A39FBC25135} = {AB8877AF-A140-4EB1-8DD6-6CF3CAB55D03}
	EndGlobalSection
EndGlobal
